
Microsoft Visual Studio Solution File, Format Version 12.00
# Visual Studio Version 17
VisualStudioVersion = 17.0.31903.59
MinimumVisualStudioVersion = 10.0.40219.1
Project("{FAE04EC0-301F-11D3-BF4B-00C04F79EFBC}") = "BacklogTicketManager.Common", "BacklogTicketManager.Common\BacklogTicketManager.Common.csproj", "{0D1DB26A-3A59-4D1F-BD9E-91E6A823BD89}"
EndProject
Project("{FAE04EC0-301F-11D3-BF4B-00C04F79EFBC}") = "BacklogTicketManager.Data", "BacklogTicketManager.Data\BacklogTicketManager.Data.csproj", "{82FAC575-5CE1-4813-93DF-1CAD7FDF6901}"
EndProject
Project("{FAE04EC0-301F-11D3-BF4B-00C04F79EFBC}") = "BacklogTicketManager.Logic", "BacklogTicketManager.Logic\BacklogTicketManager.Logic.csproj", "{0B6A0703-3603-48DD-8E9B-708E03FADFD6}"
EndProject
Project("{FAE04EC0-301F-11D3-BF4B-00C04F79EFBC}") = "BacklogTicketManager.Web", "BacklogTicketManager.Web\BacklogTicketManager.Web.csproj", "{8187FB98-59EE-4DD6-B74E-D3C185A7D951}"
EndProject
Global
	GlobalSection(SolutionConfigurationPlatforms) = preSolution
		Debug|Any CPU = Debug|Any CPU
		Debug|x64 = Debug|x64
		Debug|x86 = Debug|x86
		Release|Any CPU = Release|Any CPU
		Release|x64 = Release|x64
		Release|x86 = Release|x86
	EndGlobalSection
	GlobalSection(ProjectConfigurationPlatforms) = postSolution
		{0D1DB26A-3A59-4D1F-BD9E-91E6A823BD89}.Debug|Any CPU.ActiveCfg = Debug|Any CPU
		{0D1DB26A-3A59-4D1F-BD9E-91E6A823BD89}.Debug|Any CPU.Build.0 = Debug|Any CPU
		{0D1DB26A-3A59-4D1F-BD9E-91E6A823BD89}.Debug|x64.ActiveCfg = Debug|Any CPU
		{0D1DB26A-3A59-4D1F-BD9E-91E6A823BD89}.Debug|x64.Build.0 = Debug|Any CPU
		{0D1DB26A-3A59-4D1F-BD9E-91E6A823BD89}.Debug|x86.ActiveCfg = Debug|Any CPU
		{0D1DB26A-3A59-4D1F-BD9E-91E6A823BD89}.Debug|x86.Build.0 = Debug|Any CPU
		{0D1DB26A-3A59-4D1F-BD9E-91E6A823BD89}.Release|Any CPU.ActiveCfg = Release|Any CPU
		{0D1DB26A-3A59-4D1F-BD9E-91E6A823BD89}.Release|Any CPU.Build.0 = Release|Any CPU
		{0D1DB26A-3A59-4D1F-BD9E-91E6A823BD89}.Release|x64.ActiveCfg = Release|Any CPU
		{0D1DB26A-3A59-4D1F-BD9E-91E6A823BD89}.Release|x64.Build.0 = Release|Any CPU
		{0D1DB26A-3A59-4D1F-BD9E-91E6A823BD89}.Release|x86.ActiveCfg = Release|Any CPU
		{0D1DB26A-3A59-4D1F-BD9E-91E6A823BD89}.Release|x86.Build.0 = Release|Any CPU
		{82FAC575-5CE1-4813-93DF-1CAD7FDF6901}.Debug|Any CPU.ActiveCfg = Debug|Any CPU
		{82FAC575-5CE1-4813-93DF-1CAD7FDF6901}.Debug|Any CPU.Build.0 = Debug|Any CPU
		{82FAC575-5CE1-4813-93DF-1CAD7FDF6901}.Debug|x64.ActiveCfg = Debug|Any CPU
		{82FAC575-5CE1-4813-93DF-1CAD7FDF6901}.Debug|x64.Build.0 = Debug|Any CPU
		{82FAC575-5CE1-4813-93DF-1CAD7FDF6901}.Debug|x86.ActiveCfg = Debug|Any CPU
		{82FAC575-5CE1-4813-93DF-1CAD7FDF6901}.Debug|x86.Build.0 = Debug|Any CPU
		{82FAC575-5CE1-4813-93DF-1CAD7FDF6901}.Release|Any CPU.ActiveCfg = Release|Any CPU
		{82FAC575-5CE1-4813-93DF-1CAD7FDF6901}.Release|Any CPU.Build.0 = Release|Any CPU
		{82FAC575-5CE1-4813-93DF-1CAD7FDF6901}.Release|x64.ActiveCfg = Release|Any CPU
		{82FAC575-5CE1-4813-93DF-1CAD7FDF6901}.Release|x64.Build.0 = Release|Any CPU
		{82FAC575-5CE1-4813-93DF-1CAD7FDF6901}.Release|x86.ActiveCfg = Release|Any CPU
		{82FAC575-5CE1-4813-93DF-1CAD7FDF6901}.Release|x86.Build.0 = Release|Any CPU
		{0B6A0703-3603-48DD-8E9B-708E03FADFD6}.Debug|Any CPU.ActiveCfg = Debug|Any CPU
		{0B6A0703-3603-48DD-8E9B-708E03FADFD6}.Debug|Any CPU.Build.0 = Debug|Any CPU
		{0B6A0703-3603-48DD-8E9B-708E03FADFD6}.Debug|x64.ActiveCfg = Debug|Any CPU
		{0B6A0703-3603-48DD-8E9B-708E03FADFD6}.Debug|x64.Build.0 = Debug|Any CPU
		{0B6A0703-3603-48DD-8E9B-708E03FADFD6}.Debug|x86.ActiveCfg = Debug|Any CPU
		{0B6A0703-3603-48DD-8E9B-708E03FADFD6}.Debug|x86.Build.0 = Debug|Any CPU
		{0B6A0703-3603-48DD-8E9B-708E03FADFD6}.Release|Any CPU.ActiveCfg = Release|Any CPU
		{0B6A0703-3603-48DD-8E9B-708E03FADFD6}.Release|Any CPU.Build.0 = Release|Any CPU
		{0B6A0703-3603-48DD-8E9B-708E03FADFD6}.Release|x64.ActiveCfg = Release|Any CPU
		{0B6A0703-3603-48DD-8E9B-708E03FADFD6}.Release|x64.Build.0 = Release|Any CPU
		{0B6A0703-3603-48DD-8E9B-708E03FADFD6}.Release|x86.ActiveCfg = Release|Any CPU
		{0B6A0703-3603-48DD-8E9B-708E03FADFD6}.Release|x86.Build.0 = Release|Any CPU
		{8187FB98-59EE-4DD6-B74E-D3C185A7D951}.Debug|Any CPU.ActiveCfg = Debug|Any CPU
		{8187FB98-59EE-4DD6-B74E-D3C185A7D951}.Debug|Any CPU.Build.0 = Debug|Any CPU
		{8187FB98-59EE-4DD6-B74E-D3C185A7D951}.Debug|x64.ActiveCfg = Debug|Any CPU
		{8187FB98-59EE-4DD6-B74E-D3C185A7D951}.Debug|x64.Build.0 = Debug|Any CPU
		{8187FB98-59EE-4DD6-B74E-D3C185A7D951}.Debug|x86.ActiveCfg = Debug|Any CPU
		{8187FB98-59EE-4DD6-B74E-D3C185A7D951}.Debug|x86.Build.0 = Debug|Any CPU
		{8187FB98-59EE-4DD6-B74E-D3C185A7D951}.Release|Any CPU.ActiveCfg = Release|Any CPU
		{8187FB98-59EE-4DD6-B74E-D3C185A7D951}.Release|Any CPU.Build.0 = Release|Any CPU
		{8187FB98-59EE-4DD6-B74E-D3C185A7D951}.Release|x64.ActiveCfg = Release|Any CPU
		{8187FB98-59EE-4DD6-B74E-D3C185A7D951}.Release|x64.Build.0 = Release|Any CPU
		{8187FB98-59EE-4DD6-B74E-D3C185A7D951}.Release|x86.ActiveCfg = Release|Any CPU
		{8187FB98-59EE-4DD6-B74E-D3C185A7D951}.Release|x86.Build.0 = Release|Any CPU
	EndGlobalSection
	GlobalSection(SolutionProperties) = preSolution
		HideSolutionNode = FALSE
	EndGlobalSection
EndGlobal
